
Microsoft Visual Studio Solution File, Format Version 12.00
# Visual Studio Version 16
VisualStudioVersion = 16.0.31129.286
MinimumVisualStudioVersion = 10.0.40219.1
Project("{9A19103F-16F7-4668-BE54-9A1E7A4F7556}") = "Project Inventory", "Project Inventory\Project Inventory.csproj", "{B4C6A5F8-715F-434F-B788-1C9156C2442B}"
EndProject
Project("{54435603-DBB4-11D2-8724-00A0C9A8B90C}") = "Program Installer", "Program Installer\Program Installer.vdproj", "{CD5F7021-AF5C-4FF9-BCCD-4B7693B09A8D}"
EndProject
Global
	GlobalSection(SolutionConfigurationPlatforms) = preSolution
		Debug|Any CPU = Debug|Any CPU
		Release|Any CPU = Release|Any CPU
	EndGlobalSection
	GlobalSection(ProjectConfigurationPlatforms) = postSolution
		{B4C6A5F8-715F-434F-B788-1C9156C2442B}.Debug|Any CPU.ActiveCfg = Debug|Any CPU
		{B4C6A5F8-715F-434F-B788-1C9156C2442B}.Debug|Any CPU.Build.0 = Debug|Any CPU
		{B4C6A5F8-715F-434F-B788-1C9156C2442B}.Release|Any CPU.ActiveCfg = Release|Any CPU
		{B4C6A5F8-715F-434F-B788-1C9156C2442B}.Release|Any CPU.Build.0 = Release|Any CPU
		{CD5F7021-AF5C-4FF9-BCCD-4B7693B09A8D}.Debug|Any CPU.ActiveCfg = Debug
		{CD5F7021-AF5C-4FF9-BCCD-4B7693B09A8D}.Release|Any CPU.ActiveCfg = Release
		{CD5F7021-AF5C-4FF9-BCCD-4B7693B09A8D}.Release|Any CPU.Build.0 = Release
	EndGlobalSection
	GlobalSection(SolutionProperties) = preSolution
		HideSolutionNode = FALSE
	EndGlobalSection
	GlobalSection(ExtensibilityGlobals) = postSolution
		SolutionGuid = {51BA0BA4-3E2D-4805-B529-0C49B5167BE0}
	EndGlobalSection
EndGlobal
